
Microsoft Visual Studio Solution File, Format Version 12.00
# Visual Studio Version 17
VisualStudioVersion = 17.3.32929.385
MinimumVisualStudioVersion = 10.0.40219.1
Project("{FAE04EC0-301F-11D3-BF4B-00C04F79EFBC}") = "Friday 13th", "Friday 13th\Friday 13th.csproj", "{19C9E923-1133-4EBE-AA0A-D90E6353C44A}"
EndProject
Global
	GlobalSection(SolutionConfigurationPlatforms) = preSolution
		Debug|Any CPU = Debug|Any CPU
		Release|Any CPU = Release|Any CPU
	EndGlobalSection
	GlobalSection(ProjectConfigurationPlatforms) = postSolution
		{19C9E923-1133-4EBE-AA0A-D90E6353C44A}.Debug|Any CPU.ActiveCfg = Debug|Any CPU
		{19C9E923-1133-4EBE-AA0A-D90E6353C44A}.Debug|Any CPU.Build.0 = Debug|Any CPU
		{19C9E923-1133-4EBE-AA0A-D90E6353C44A}.Release|Any CPU.ActiveCfg = Release|Any CPU
		{19C9E923-1133-4EBE-AA0A-D90E6353C44A}.Release|Any CPU.Build.0 = Release|Any CPU
	EndGlobalSection
	GlobalSection(SolutionProperties) = preSolution
		HideSolutionNode = FALSE
	EndGlobalSection
	GlobalSection(ExtensibilityGlobals) = postSolution
		SolutionGuid = {E56F7BA7-F264-4066-BE85-807EBC2922D7}
	EndGlobalSection
EndGlobal
