
Microsoft Visual Studio Solution File, Format Version 12.00
# Visual Studio Version 17
VisualStudioVersion = 17.3.32929.385
MinimumVisualStudioVersion = 10.0.40219.1
Project("{FAE04EC0-301F-11D3-BF4B-00C04F79EFBC}") = "VendingMachineApp", "VendingMachineApp\VendingMachineApp.csproj", "{A5D6B4A0-7211-4852-9C18-F40AEF2A3DDA}"
EndProject
Global
	GlobalSection(SolutionConfigurationPlatforms) = preSolution
		Debug|Any CPU = Debug|Any CPU
		Release|Any CPU = Release|Any CPU
	EndGlobalSection
	GlobalSection(ProjectConfigurationPlatforms) = postSolution
		{A5D6B4A0-7211-4852-9C18-F40AEF2A3DDA}.Debug|Any CPU.ActiveCfg = Debug|Any CPU
		{A5D6B4A0-7211-4852-9C18-F40AEF2A3DDA}.Debug|Any CPU.Build.0 = Debug|Any CPU
		{A5D6B4A0-7211-4852-9C18-F40AEF2A3DDA}.Release|Any CPU.ActiveCfg = Release|Any CPU
		{A5D6B4A0-7211-4852-9C18-F40AEF2A3DDA}.Release|Any CPU.Build.0 = Release|Any CPU
	EndGlobalSection
	GlobalSection(SolutionProperties) = preSolution
		HideSolutionNode = FALSE
	EndGlobalSection
	GlobalSection(ExtensibilityGlobals) = postSolution
		SolutionGuid = {0A9EF034-6F19-40C9-AB90-4E7895026721}
	EndGlobalSection
EndGlobal
