
Microsoft Visual Studio Solution File, Format Version 12.00
# Visual Studio Version 17
VisualStudioVersion = 17.3.32929.385
MinimumVisualStudioVersion = 10.0.40219.1
Project("{FAE04EC0-301F-11D3-BF4B-00C04F79EFBC}") = "Password validatoren", "Password validatoren\Password validatoren.csproj", "{D3CA76B1-C31F-4EA1-B236-E6BFBDF5EE50}"
EndProject
Global
	GlobalSection(SolutionConfigurationPlatforms) = preSolution
		Debug|Any CPU = Debug|Any CPU
		Release|Any CPU = Release|Any CPU
	EndGlobalSection
	GlobalSection(ProjectConfigurationPlatforms) = postSolution
		{D3CA76B1-C31F-4EA1-B236-E6BFBDF5EE50}.Debug|Any CPU.ActiveCfg = Debug|Any CPU
		{D3CA76B1-C31F-4EA1-B236-E6BFBDF5EE50}.Debug|Any CPU.Build.0 = Debug|Any CPU
		{D3CA76B1-C31F-4EA1-B236-E6BFBDF5EE50}.Release|Any CPU.ActiveCfg = Release|Any CPU
		{D3CA76B1-C31F-4EA1-B236-E6BFBDF5EE50}.Release|Any CPU.Build.0 = Release|Any CPU
	EndGlobalSection
	GlobalSection(SolutionProperties) = preSolution
		HideSolutionNode = FALSE
	EndGlobalSection
	GlobalSection(ExtensibilityGlobals) = postSolution
		SolutionGuid = {8DD10CF6-A587-469B-828B-1DA98800F2D3}
	EndGlobalSection
EndGlobal
